# THIS IS AN AUTOGENERATED FILE. DO NOT EDIT THIS FILE DIRECTLY.
# yarn lockfile v1


cropperjs@^1.5.6:
  version "1.5.6"
  resolved "https://registry.npmjs.org/cropperjs/-/cropperjs-1.5.6.tgz#82faf432bec709d828f2f7a96d1179198edaf0e2"
  integrity sha512-eAgWf4j7sNJIG329qUHIFi17PSV0VtuWyAu9glZSgu/KlQSrfTQOC2zAz+jHGa5fAB+bJldEnQwvJEaJ8zRf5A==
