# THIS IS AN AUTOGENERATED FILE. DO NOT EDIT THIS FILE DIRECTLY.
# yarn lockfile v1


"@gm-common/tool@^1.0.0":
  version "1.0.0"
  resolved "https://registry.npmjs.org/@gm-common/tool/-/tool-1.0.0.tgz#e7a919d2c01845d543cc95e20aad7cd395b3313f"
  integrity sha512-MCGhIeFbcDxM9f8ZV1r2dWo4dIMPe3C+DqJ2vHcjsK2rGyowsRQaouPRJUS/HNRUlFmVRci3gMyEIOFtQTWWrQ==
  dependencies:
    lodash "^4.17.15"

gm-util@^5.12.3:
  version "5.12.3"
  resolved "https://registry.npmjs.org/gm-util/-/gm-util-5.12.3.tgz#e0effd09b38d91e22d4b09d31f6a431ba1bbca9c"
  integrity sha512-oymrzYo5MeU+iI7K3pOS2aNKpDjHVdRULgre24zNTIFrrD8ljm3deTm2cefpDRIOkH/A5vEOjqW39xTzR9BgnA==

"js-tokens@^3.0.0 || ^4.0.0":
  version "4.0.0"
  resolved "https://registry.npmjs.org/js-tokens/-/js-tokens-4.0.0.tgz#19203fb59991df98e3a287050d4647cdeaf32499"
  integrity sha512-RdJUflcE3cUzKiMqQgsCu06FPu9UdIJO0beYbPhHN4k6apgJtifcoCtT9bcxOpYBtpD2kCM6Sbzg4CausW/PKQ==

lodash@^4.17.15:
  version "4.17.15"
  resolved "https://registry.npmjs.org/lodash/-/lodash-4.17.15.tgz#b447f6670a0455bbfeedd11392eff330ea097548"
  integrity sha512-8xOcRHvCjnocdS5cpwXQXVzmmh5e5+saE2QGoeQmbKmRS6J3VQppPOIt0MnmE+4xlZoumy0GPG0D0MVIQbNA1A==

loose-envify@^1.4.0:
  version "1.4.0"
  resolved "https://registry.npmjs.org/loose-envify/-/loose-envify-1.4.0.tgz#71ee51fa7be4caec1a63839f7e682d8132d30caf"
  integrity sha512-lyuxPGr/Wfhrlem2CL/UcnUc1zcqKAImBDzukY7Y5F/yQiNdko6+fRLevlw1HgMySw7f611UIY408EtxRSoK3Q==
  dependencies:
    js-tokens "^3.0.0 || ^4.0.0"

object-assign@^4.1.1:
  version "4.1.1"
  resolved "https://registry.npmjs.org/object-assign/-/object-assign-4.1.1.tgz#2109adc7965887cfc05cbbd442cac8bfbb360863"
  integrity sha1-IQmtx5ZYh8/AXLvUQsrIv7s2CGM=

prop-types@^15.7.2:
  version "15.7.2"
  resolved "https://registry.npmjs.org/prop-types/-/prop-types-15.7.2.tgz#52c41e75b8c87e72b9d9360e0206b99dcbffa6c5"
  integrity sha512-8QQikdH7//R2vurIJSutZ1smHYTcLpRWEOlHnzcWHmBYrOGUysKwSsrC89BCiFj3CbrfJ/nXFdJepOVrY1GCHQ==
  dependencies:
    loose-envify "^1.4.0"
    object-assign "^4.1.1"
    react-is "^16.8.1"

react-is@^16.8.1:
  version "16.13.0"
  resolved "https://registry.npmjs.org/react-is/-/react-is-16.13.0.tgz#0f37c3613c34fe6b37cd7f763a0d6293ab15c527"
  integrity sha512-GFMtL0vHkiBv9HluwNZTggSn/sCyEt9n02aM0dSAjGGyqyNlAyftYm4phPxdvCigG15JreC5biwxCgTAJZ7yAA==
