# THIS IS AN AUTOGENERATED FILE. DO NOT EDIT THIS FILE DIRECTLY.
# yarn lockfile v1


"@gm-common/tool@^2.3.0":
  version "2.4.0"
  resolved "https://registry.yarnpkg.com/@gm-common/tool/-/tool-2.4.0.tgz#4abcbebd7dcae0320648cad7f15cc453bbecca9b"
  integrity sha512-7ZD+qz3ZWLx/OxSornLEJD8Mhu1jhBtbXXL4Jy1VpwuKOnqE39oZ+eSK4P2GEpNoFFhHXfOTPSJmNDuHQggtTA==
  dependencies:
    "@types/lodash" "^4.14.150"
    lodash "^4.17.15"

"@types/lodash@^4.14.150":
  version "4.14.155"
  resolved "https://registry.yarnpkg.com/@types/lodash/-/lodash-4.14.155.tgz#e2b4514f46a261fd11542e47519c20ebce7bc23a"
  integrity sha512-vEcX7S7aPhsBCivxMwAANQburHBtfN9RdyXFk84IJmu2Z4Hkg1tOFgaslRiEqqvoLtbCBi6ika1EMspE+NZ9Lg==

lodash@^4.17.15:
  version "4.17.15"
  resolved "https://registry.yarnpkg.com/lodash/-/lodash-4.17.15.tgz#b447f6670a0455bbfeedd11392eff330ea097548"
  integrity sha512-8xOcRHvCjnocdS5cpwXQXVzmmh5e5+saE2QGoeQmbKmRS6J3VQppPOIt0MnmE+4xlZoumy0GPG0D0MVIQbNA1A==
