# THIS IS AN AUTOGENERATED FILE. DO NOT EDIT THIS FILE DIRECTLY.
# yarn lockfile v1


"@gm-common/tool@^2.1.0":
  version "2.2.0"
  resolved "https://registry.yarnpkg.com/@gm-common/tool/-/tool-2.2.0.tgz#d2c4480791f20be04b4a5c89cde99e26adabd0b5"
  integrity sha512-tcHhA7UhcNhpwrUS70ZOtaSD1NQbS/qGZVD9mHd6skVCNVPcqH4vj+7j3qLTfJFZlhJ4dnljw0kl37KrXcR5eg==
  dependencies:
    "@types/lodash" "^4.14.149"
    lodash "^4.17.15"
    ts-config-gm-react-app "^3.0.6"

"@types/lodash@^4.14.149":
  version "4.14.150"
  resolved "https://registry.yarnpkg.com/@types/lodash/-/lodash-4.14.150.tgz#649fe44684c3f1fcb6164d943c5a61977e8cf0bd"
  integrity sha512-kMNLM5JBcasgYscD9x/Gvr6lTAv2NVgsKtet/hm93qMyf/D1pt+7jeEZklKJKxMVmXjxbRVQQGfqDSfipYCO6w==

classnames@^2.2.5:
  version "2.2.6"
  resolved "https://registry.npm.taobao.org/classnames/download/classnames-2.2.6.tgz#43935bffdd291f326dad0a205309b38d00f650ce"
  integrity sha1-Q5Nb/90pHzJtrQogUwmzjQD2UM4=

"js-tokens@^3.0.0 || ^4.0.0":
  version "4.0.0"
  resolved "https://registry.npm.taobao.org/js-tokens/download/js-tokens-4.0.0.tgz?cache=0&sync_timestamp=1586796260005&other_urls=https%3A%2F%2Fregistry.npm.taobao.org%2Fjs-tokens%2Fdownload%2Fjs-tokens-4.0.0.tgz#19203fb59991df98e3a287050d4647cdeaf32499"
  integrity sha1-GSA/tZmR35jjoocFDUZHzerzJJk=

lodash@^4.17.15:
  version "4.17.15"
  resolved "https://registry.npm.taobao.org/lodash/download/lodash-4.17.15.tgz?cache=0&sync_timestamp=1571657272199&other_urls=https%3A%2F%2Fregistry.npm.taobao.org%2Flodash%2Fdownload%2Flodash-4.17.15.tgz#b447f6670a0455bbfeedd11392eff330ea097548"
  integrity sha1-tEf2ZwoEVbv+7dETku/zMOoJdUg=

loose-envify@^1.4.0:
  version "1.4.0"
  resolved "https://registry.npm.taobao.org/loose-envify/download/loose-envify-1.4.0.tgz#71ee51fa7be4caec1a63839f7e682d8132d30caf"
  integrity sha1-ce5R+nvkyuwaY4OffmgtgTLTDK8=
  dependencies:
    js-tokens "^3.0.0 || ^4.0.0"

object-assign@^4.1.1:
  version "4.1.1"
  resolved "https://registry.npm.taobao.org/object-assign/download/object-assign-4.1.1.tgz?cache=0&sync_timestamp=1571657171505&other_urls=https%3A%2F%2Fregistry.npm.taobao.org%2Fobject-assign%2Fdownload%2Fobject-assign-4.1.1.tgz#2109adc7965887cfc05cbbd442cac8bfbb360863"
  integrity sha1-IQmtx5ZYh8/AXLvUQsrIv7s2CGM=

prop-types@^15.7.2:
  version "15.7.2"
  resolved "https://registry.npm.taobao.org/prop-types/download/prop-types-15.7.2.tgz#52c41e75b8c87e72b9d9360e0206b99dcbffa6c5"
  integrity sha1-UsQedbjIfnK52TYOAga5ncv/psU=
  dependencies:
    loose-envify "^1.4.0"
    object-assign "^4.1.1"
    react-is "^16.8.1"

react-is@^16.8.1:
  version "16.13.1"
  resolved "https://registry.npm.taobao.org/react-is/download/react-is-16.13.1.tgz?cache=0&sync_timestamp=1586484609601&other_urls=https%3A%2F%2Fregistry.npm.taobao.org%2Freact-is%2Fdownload%2Freact-is-16.13.1.tgz#789729a4dc36de2999dc156dd6c1d9c18cea56a4"
  integrity sha1-eJcppNw23imZ3BVt1sHZwYzqVqQ=

ts-config-gm-react-app@^3.0.6:
  version "3.1.1"
  resolved "https://registry.yarnpkg.com/ts-config-gm-react-app/-/ts-config-gm-react-app-3.1.1.tgz#23504ca54e85548074828f74513ce7b84723af69"
  integrity sha512-QUsazUvdSzX8ibZeLuugd9TXgz4RYcWPFaSabr39KOybdijC0NHE6gVw55pdIR0QAFkToiFsiJ7BVid9N19fKg==
