# THIS IS AN AUTOGENERATED FILE. DO NOT EDIT THIS FILE DIRECTLY.
# yarn lockfile v1


"@gmfe/locales@^2.4.6":
  version "2.4.6"
  resolved "https://registry.yarnpkg.com/@gmfe/locales/-/locales-2.4.6.tgz#da2dc85456419207b6b0ffdf0aeaaa93c1929075"
  integrity sha512-CdWzZNd9ZVlcAIom2OrJKt+FUhnQLMZ0rudSJ4EG5GHaLUl8Q8cQ6USde3bduRKE9VCXiFNgDNm7VUv2xV9y9A==

"@gmfe/react@^2.4.6":
  version "2.4.6"
  resolved "https://registry.yarnpkg.com/@gmfe/react/-/react-2.4.6.tgz#79955c25f020f1cbceeacf9179534f3b073b40a7"
  integrity sha512-+lO+Im6NDqyekogDDybM0fvrj2bnAcuoMsapWxywlLHJkzM9fcZXmZcirnyrkNxv+ONyfP5/BZTyZ13nPaYjow==
  dependencies:
    "@gmfe/locales" "^2.4.6"

"@gmfe/table-x@^2.4.6":
  version "2.4.6"
  resolved "https://registry.yarnpkg.com/@gmfe/table-x/-/table-x-2.4.6.tgz#8602d8c4d9a7b2354a6fd4095131f36b0c075575"
  integrity sha512-ol5fzXYG85JHR9twh5qtoFdXxVucVL94tkNwPTrWy4akRQLyjz8JfZ2LeD9PSVVpj89Gn2qvfKzWod73s4XfsA==
  dependencies:
    "@gmfe/locales" "^2.4.6"
