# THIS IS AN AUTOGENERATED FILE. DO NOT EDIT THIS FILE DIRECTLY.
# yarn lockfile v1


"@gm-common/tool@^2.4.1":
  version "2.4.1"
  resolved "https://registry.yarnpkg.com/@gm-common/tool/-/tool-2.4.1.tgz#3c7010f91364bbd0ee8dd38f64137adc2019588a"
  integrity sha512-WIb15kzx3BiAnsMW6a/cdB17zxi9Xc4P1GaXHg8ssaW1o5myxohCY+dSZhygRkk7Cm/5RaeWPR6iH5IBuduVvQ==
  dependencies:
    lodash "^4.17.15"

lodash@^4.17.15:
  version "4.17.15"
  resolved "https://registry.yarnpkg.com/lodash/-/lodash-4.17.15.tgz#b447f6670a0455bbfeedd11392eff330ea097548"
  integrity sha512-8xOcRHvCjnocdS5cpwXQXVzmmh5e5+saE2QGoeQmbKmRS6J3VQppPOIt0MnmE+4xlZoumy0GPG0D0MVIQbNA1A==
