# THIS IS AN AUTOGENERATED FILE. DO NOT EDIT THIS FILE DIRECTLY.
# yarn lockfile v1


"@gm-common/tool@^1.0.0":
  version "1.0.0"
  resolved "https://registry.npmjs.org/@gm-common/tool/-/tool-1.0.0.tgz#e7a919d2c01845d543cc95e20aad7cd395b3313f"
  integrity sha512-MCGhIeFbcDxM9f8ZV1r2dWo4dIMPe3C+DqJ2vHcjsK2rGyowsRQaouPRJUS/HNRUlFmVRci3gMyEIOFtQTWWrQ==
  dependencies:
    lodash "^4.17.15"

lodash@^4.17.15:
  version "4.17.15"
  resolved "https://registry.npmjs.org/lodash/-/lodash-4.17.15.tgz#b447f6670a0455bbfeedd11392eff330ea097548"
  integrity sha512-8xOcRHvCjnocdS5cpwXQXVzmmh5e5+saE2QGoeQmbKmRS6J3VQppPOIt0MnmE+4xlZoumy0GPG0D0MVIQbNA1A==
